
Microsoft Visual Studio Solution File, Format Version 12.00
# Visual Studio Version 17
VisualStudioVersion = 17.11.35431.28
MinimumVisualStudioVersion = 10.0.40219.1
Project("{2150E333-8FDC-42A3-9474-1A3956D46DE8}") = "Task0", "Task0", "{C49D15E5-F79E-445C-98D1-F3E437D0E4A7}"
EndProject
Project("{2150E333-8FDC-42A3-9474-1A3956D46DE8}") = "Task1", "Task1", "{265F9DFD-C46A-4323-A0D5-DB1D57DC139C}"
EndProject
Project("{FAE04EC0-301F-11D3-BF4B-00C04F79EFBC}") = "Tyuiu.OvsepyanAA.Sprint5.Task0.V26", "Tyuiu.OvsepyanAA.Sprint5.Task0.V26\Tyuiu.OvsepyanAA.Sprint5.Task0.V26.csproj", "{2C0F1A52-6020-46B6-9D26-C72E8AEECE00}"
EndProject
Project("{FAE04EC0-301F-11D3-BF4B-00C04F79EFBC}") = "Tyuiu.OvsepyanAA.Sprint5.Task0.V26.Lib", "Tyuiu.OvsepyanAA.Sprint5.Task0.V26.Lib\Tyuiu.OvsepyanAA.Sprint5.Task0.V26.Lib.csproj", "{685526A3-201C-4B89-A211-95CB35C4ADD6}"
EndProject
Project("{FAE04EC0-301F-11D3-BF4B-00C04F79EFBC}") = "Tyuiu.OvsepyanAA.Sprint5.Task0.V26.Test", "Tyuiu.OvsepyanAA.Sprint5.Task0.V26.Test\Tyuiu.OvsepyanAA.Sprint5.Task0.V26.Test.csproj", "{817A95C9-0DC1-4A51-9E85-A71E8D1C13B1}"
EndProject
Global
	GlobalSection(SolutionConfigurationPlatforms) = preSolution
		Debug|Any CPU = Debug|Any CPU
		Release|Any CPU = Release|Any CPU
	EndGlobalSection
	GlobalSection(ProjectConfigurationPlatforms) = postSolution
		{2C0F1A52-6020-46B6-9D26-C72E8AEECE00}.Debug|Any CPU.ActiveCfg = Debug|Any CPU
		{2C0F1A52-6020-46B6-9D26-C72E8AEECE00}.Debug|Any CPU.Build.0 = Debug|Any CPU
		{2C0F1A52-6020-46B6-9D26-C72E8AEECE00}.Release|Any CPU.ActiveCfg = Release|Any CPU
		{2C0F1A52-6020-46B6-9D26-C72E8AEECE00}.Release|Any CPU.Build.0 = Release|Any CPU
		{685526A3-201C-4B89-A211-95CB35C4ADD6}.Debug|Any CPU.ActiveCfg = Debug|Any CPU
		{685526A3-201C-4B89-A211-95CB35C4ADD6}.Debug|Any CPU.Build.0 = Debug|Any CPU
		{685526A3-201C-4B89-A211-95CB35C4ADD6}.Release|Any CPU.ActiveCfg = Release|Any CPU
		{685526A3-201C-4B89-A211-95CB35C4ADD6}.Release|Any CPU.Build.0 = Release|Any CPU
		{817A95C9-0DC1-4A51-9E85-A71E8D1C13B1}.Debug|Any CPU.ActiveCfg = Debug|Any CPU
		{817A95C9-0DC1-4A51-9E85-A71E8D1C13B1}.Debug|Any CPU.Build.0 = Debug|Any CPU
		{817A95C9-0DC1-4A51-9E85-A71E8D1C13B1}.Release|Any CPU.ActiveCfg = Release|Any CPU
		{817A95C9-0DC1-4A51-9E85-A71E8D1C13B1}.Release|Any CPU.Build.0 = Release|Any CPU
	EndGlobalSection
	GlobalSection(SolutionProperties) = preSolution
		HideSolutionNode = FALSE
	EndGlobalSection
	GlobalSection(NestedProjects) = preSolution
		{2C0F1A52-6020-46B6-9D26-C72E8AEECE00} = {C49D15E5-F79E-445C-98D1-F3E437D0E4A7}
		{685526A3-201C-4B89-A211-95CB35C4ADD6} = {C49D15E5-F79E-445C-98D1-F3E437D0E4A7}
		{817A95C9-0DC1-4A51-9E85-A71E8D1C13B1} = {C49D15E5-F79E-445C-98D1-F3E437D0E4A7}
	EndGlobalSection
	GlobalSection(ExtensibilityGlobals) = postSolution
		SolutionGuid = {783F329D-1089-4A5D-A505-323E7263C0F9}
	EndGlobalSection
EndGlobal
