
Microsoft Visual Studio Solution File, Format Version 12.00
# Visual Studio Version 17
VisualStudioVersion = 17.11.35431.28
MinimumVisualStudioVersion = 10.0.40219.1
Project("{2150E333-8FDC-42A3-9474-1A3956D46DE8}") = "Task0", "Task0", "{3B498934-55E6-4C57-9CF6-63F16A9CD3D5}"
EndProject
Project("{9A19103F-16F7-4668-BE54-9A1E7A4F7556}") = "Tyuiu.OvsepyanAA.Sprint5.Task0.V26", "Tyuiu.OvsepyanAA.Sprint5.Task0.V26\Tyuiu.OvsepyanAA.Sprint5.Task0.V26.csproj", "{F5A8506A-46B1-4F06-A97C-A4374D278BB8}"
EndProject
Project("{9A19103F-16F7-4668-BE54-9A1E7A4F7556}") = "Tyuiu.OvsepyanAA.Sprint5.Task0.V26.Lib", "Tyuiu.OvsepyanAA.Sprint5.Task0.V26.Lib\Tyuiu.OvsepyanAA.Sprint5.Task0.V26.Lib.csproj", "{30C08C85-0463-4356-9FE6-D287277E5789}"
EndProject
Project("{9A19103F-16F7-4668-BE54-9A1E7A4F7556}") = "Tyuiu.OvsepyanAA.Sprint5.Task0.V26.Test", "Tyuiu.OvsepyanAA.Sprint5.Task0.V26.Test\Tyuiu.OvsepyanAA.Sprint5.Task0.V26.Test.csproj", "{9D432EF4-94E4-4883-8147-F8988C6D5D2A}"
EndProject
Project("{2150E333-8FDC-42A3-9474-1A3956D46DE8}") = "Task1", "Task1", "{B11181DB-F465-40D7-8040-265C784C241F}"
EndProject
Project("{9A19103F-16F7-4668-BE54-9A1E7A4F7556}") = "Tyuiu.OvsepyanAA.Sprint5.Task1.V17", "Tyuiu.OvsepyanAA.Sprint5.Task1.V17\Tyuiu.OvsepyanAA.Sprint5.Task1.V17.csproj", "{F894BF23-0691-4594-94F7-9306E2AE700E}"
EndProject
Project("{9A19103F-16F7-4668-BE54-9A1E7A4F7556}") = "Tyuiu.OvsepyanAA.Sprint5.Task1.V17.Lib", "Tyuiu.OvsepyanAA.Sprint5.Task1.V17.Lib\Tyuiu.OvsepyanAA.Sprint5.Task1.V17.Lib.csproj", "{4DDDA688-4E7B-461F-A5EF-FC53FB03C947}"
EndProject
Project("{9A19103F-16F7-4668-BE54-9A1E7A4F7556}") = "Tyuiu.OvsepyanAA.Sprint5.Task1.V17.Test", "Tyuiu.OvsepyanAA.Sprint5.Task1.V17.Test\Tyuiu.OvsepyanAA.Sprint5.Task1.V17.Test.csproj", "{A7FBF5A4-6DC0-4FF0-80ED-4C498FD4DF8D}"
EndProject
Project("{2150E333-8FDC-42A3-9474-1A3956D46DE8}") = "Task2", "Task2", "{CADF808E-0215-4046-BA22-A09DE2ECEA02}"
EndProject
Project("{9A19103F-16F7-4668-BE54-9A1E7A4F7556}") = "Tyuiu.OvsepyanAA.Sprint5.Task2.V30", "Tyuiu.OvsepyanAA.Sprint5.Task2.V30\Tyuiu.OvsepyanAA.Sprint5.Task2.V30.csproj", "{E4B9D7E6-9C0A-4CE2-81DA-22B6EFC03983}"
EndProject
Project("{9A19103F-16F7-4668-BE54-9A1E7A4F7556}") = "Tyuiu.OvsepyanAA.Sprint5.Task2.V30.Lib", "Tyuiu.OvsepyanAA.Sprint5.Task2.V30.Lib\Tyuiu.OvsepyanAA.Sprint5.Task2.V30.Lib.csproj", "{D56310B8-6699-4078-AAE4-009BB692F594}"
EndProject
Project("{9A19103F-16F7-4668-BE54-9A1E7A4F7556}") = "Tyuiu.OvsepyanAA.Sprint5.Task2.V30.Test", "Tyuiu.OvsepyanAA.Sprint5.Task2.V30.Test\Tyuiu.OvsepyanAA.Sprint5.Task2.V30.Test.csproj", "{9405B878-D323-4C5F-A4EA-923DADC027A5}"
EndProject
Project("{2150E333-8FDC-42A3-9474-1A3956D46DE8}") = "Task3", "Task3", "{98E31CAA-BF96-417F-AC19-24E213A593D0}"
EndProject
Project("{9A19103F-16F7-4668-BE54-9A1E7A4F7556}") = "Tyuiu.OvsepyanAA.Sprint5.Task3.V13", "Tyuiu.OvsepyanAA.Sprint5.Task3.V13\Tyuiu.OvsepyanAA.Sprint5.Task3.V13.csproj", "{970206D5-01F3-4914-841B-9DD2E5F93431}"
EndProject
Project("{FAE04EC0-301F-11D3-BF4B-00C04F79EFBC}") = "Tyuiu.OvsepyanAA.Sprint5.Task3.V13.Lib", "Tyuiu.OvsepyanAA.Sprint5.Task3.V13.Lib\Tyuiu.OvsepyanAA.Sprint5.Task3.V13.Lib.csproj", "{647C76E4-E4A1-4BC0-A02B-2366895A31CB}"
EndProject
Project("{FAE04EC0-301F-11D3-BF4B-00C04F79EFBC}") = "Tyuiu.OvsepyanAA.Sprint5.Task3.V13.Test", "Tyuiu.OvsepyanAA.Sprint5.Task3.V13.Test\Tyuiu.OvsepyanAA.Sprint5.Task3.V13.Test.csproj", "{01E475C4-A93E-4036-88E8-7539B629331D}"
EndProject
Global
	GlobalSection(SolutionConfigurationPlatforms) = preSolution
		Debug|Any CPU = Debug|Any CPU
		Release|Any CPU = Release|Any CPU
	EndGlobalSection
	GlobalSection(ProjectConfigurationPlatforms) = postSolution
		{F5A8506A-46B1-4F06-A97C-A4374D278BB8}.Debug|Any CPU.ActiveCfg = Debug|Any CPU
		{F5A8506A-46B1-4F06-A97C-A4374D278BB8}.Debug|Any CPU.Build.0 = Debug|Any CPU
		{F5A8506A-46B1-4F06-A97C-A4374D278BB8}.Release|Any CPU.ActiveCfg = Release|Any CPU
		{F5A8506A-46B1-4F06-A97C-A4374D278BB8}.Release|Any CPU.Build.0 = Release|Any CPU
		{30C08C85-0463-4356-9FE6-D287277E5789}.Debug|Any CPU.ActiveCfg = Debug|Any CPU
		{30C08C85-0463-4356-9FE6-D287277E5789}.Debug|Any CPU.Build.0 = Debug|Any CPU
		{30C08C85-0463-4356-9FE6-D287277E5789}.Release|Any CPU.ActiveCfg = Release|Any CPU
		{30C08C85-0463-4356-9FE6-D287277E5789}.Release|Any CPU.Build.0 = Release|Any CPU
		{9D432EF4-94E4-4883-8147-F8988C6D5D2A}.Debug|Any CPU.ActiveCfg = Debug|Any CPU
		{9D432EF4-94E4-4883-8147-F8988C6D5D2A}.Debug|Any CPU.Build.0 = Debug|Any CPU
		{9D432EF4-94E4-4883-8147-F8988C6D5D2A}.Release|Any CPU.ActiveCfg = Release|Any CPU
		{9D432EF4-94E4-4883-8147-F8988C6D5D2A}.Release|Any CPU.Build.0 = Release|Any CPU
		{F894BF23-0691-4594-94F7-9306E2AE700E}.Debug|Any CPU.ActiveCfg = Debug|Any CPU
		{F894BF23-0691-4594-94F7-9306E2AE700E}.Debug|Any CPU.Build.0 = Debug|Any CPU
		{F894BF23-0691-4594-94F7-9306E2AE700E}.Release|Any CPU.ActiveCfg = Release|Any CPU
		{F894BF23-0691-4594-94F7-9306E2AE700E}.Release|Any CPU.Build.0 = Release|Any CPU
		{4DDDA688-4E7B-461F-A5EF-FC53FB03C947}.Debug|Any CPU.ActiveCfg = Debug|Any CPU
		{4DDDA688-4E7B-461F-A5EF-FC53FB03C947}.Debug|Any CPU.Build.0 = Debug|Any CPU
		{4DDDA688-4E7B-461F-A5EF-FC53FB03C947}.Release|Any CPU.ActiveCfg = Release|Any CPU
		{4DDDA688-4E7B-461F-A5EF-FC53FB03C947}.Release|Any CPU.Build.0 = Release|Any CPU
		{A7FBF5A4-6DC0-4FF0-80ED-4C498FD4DF8D}.Debug|Any CPU.ActiveCfg = Debug|Any CPU
		{A7FBF5A4-6DC0-4FF0-80ED-4C498FD4DF8D}.Debug|Any CPU.Build.0 = Debug|Any CPU
		{A7FBF5A4-6DC0-4FF0-80ED-4C498FD4DF8D}.Release|Any CPU.ActiveCfg = Release|Any CPU
		{A7FBF5A4-6DC0-4FF0-80ED-4C498FD4DF8D}.Release|Any CPU.Build.0 = Release|Any CPU
		{E4B9D7E6-9C0A-4CE2-81DA-22B6EFC03983}.Debug|Any CPU.ActiveCfg = Debug|Any CPU
		{E4B9D7E6-9C0A-4CE2-81DA-22B6EFC03983}.Debug|Any CPU.Build.0 = Debug|Any CPU
		{E4B9D7E6-9C0A-4CE2-81DA-22B6EFC03983}.Release|Any CPU.ActiveCfg = Release|Any CPU
		{E4B9D7E6-9C0A-4CE2-81DA-22B6EFC03983}.Release|Any CPU.Build.0 = Release|Any CPU
		{D56310B8-6699-4078-AAE4-009BB692F594}.Debug|Any CPU.ActiveCfg = Debug|Any CPU
		{D56310B8-6699-4078-AAE4-009BB692F594}.Debug|Any CPU.Build.0 = Debug|Any CPU
		{D56310B8-6699-4078-AAE4-009BB692F594}.Release|Any CPU.ActiveCfg = Release|Any CPU
		{D56310B8-6699-4078-AAE4-009BB692F594}.Release|Any CPU.Build.0 = Release|Any CPU
		{9405B878-D323-4C5F-A4EA-923DADC027A5}.Debug|Any CPU.ActiveCfg = Debug|Any CPU
		{9405B878-D323-4C5F-A4EA-923DADC027A5}.Debug|Any CPU.Build.0 = Debug|Any CPU
		{9405B878-D323-4C5F-A4EA-923DADC027A5}.Release|Any CPU.ActiveCfg = Release|Any CPU
		{9405B878-D323-4C5F-A4EA-923DADC027A5}.Release|Any CPU.Build.0 = Release|Any CPU
		{970206D5-01F3-4914-841B-9DD2E5F93431}.Debug|Any CPU.ActiveCfg = Debug|Any CPU
		{970206D5-01F3-4914-841B-9DD2E5F93431}.Debug|Any CPU.Build.0 = Debug|Any CPU
		{970206D5-01F3-4914-841B-9DD2E5F93431}.Release|Any CPU.ActiveCfg = Release|Any CPU
		{970206D5-01F3-4914-841B-9DD2E5F93431}.Release|Any CPU.Build.0 = Release|Any CPU
		{647C76E4-E4A1-4BC0-A02B-2366895A31CB}.Debug|Any CPU.ActiveCfg = Debug|Any CPU
		{647C76E4-E4A1-4BC0-A02B-2366895A31CB}.Debug|Any CPU.Build.0 = Debug|Any CPU
		{647C76E4-E4A1-4BC0-A02B-2366895A31CB}.Release|Any CPU.ActiveCfg = Release|Any CPU
		{647C76E4-E4A1-4BC0-A02B-2366895A31CB}.Release|Any CPU.Build.0 = Release|Any CPU
		{01E475C4-A93E-4036-88E8-7539B629331D}.Debug|Any CPU.ActiveCfg = Debug|Any CPU
		{01E475C4-A93E-4036-88E8-7539B629331D}.Debug|Any CPU.Build.0 = Debug|Any CPU
		{01E475C4-A93E-4036-88E8-7539B629331D}.Release|Any CPU.ActiveCfg = Release|Any CPU
		{01E475C4-A93E-4036-88E8-7539B629331D}.Release|Any CPU.Build.0 = Release|Any CPU
	EndGlobalSection
	GlobalSection(SolutionProperties) = preSolution
		HideSolutionNode = FALSE
	EndGlobalSection
	GlobalSection(NestedProjects) = preSolution
		{F5A8506A-46B1-4F06-A97C-A4374D278BB8} = {3B498934-55E6-4C57-9CF6-63F16A9CD3D5}
		{30C08C85-0463-4356-9FE6-D287277E5789} = {3B498934-55E6-4C57-9CF6-63F16A9CD3D5}
		{9D432EF4-94E4-4883-8147-F8988C6D5D2A} = {3B498934-55E6-4C57-9CF6-63F16A9CD3D5}
		{F894BF23-0691-4594-94F7-9306E2AE700E} = {B11181DB-F465-40D7-8040-265C784C241F}
		{4DDDA688-4E7B-461F-A5EF-FC53FB03C947} = {B11181DB-F465-40D7-8040-265C784C241F}
		{A7FBF5A4-6DC0-4FF0-80ED-4C498FD4DF8D} = {B11181DB-F465-40D7-8040-265C784C241F}
		{E4B9D7E6-9C0A-4CE2-81DA-22B6EFC03983} = {CADF808E-0215-4046-BA22-A09DE2ECEA02}
		{D56310B8-6699-4078-AAE4-009BB692F594} = {CADF808E-0215-4046-BA22-A09DE2ECEA02}
		{9405B878-D323-4C5F-A4EA-923DADC027A5} = {CADF808E-0215-4046-BA22-A09DE2ECEA02}
		{970206D5-01F3-4914-841B-9DD2E5F93431} = {98E31CAA-BF96-417F-AC19-24E213A593D0}
		{647C76E4-E4A1-4BC0-A02B-2366895A31CB} = {98E31CAA-BF96-417F-AC19-24E213A593D0}
		{01E475C4-A93E-4036-88E8-7539B629331D} = {98E31CAA-BF96-417F-AC19-24E213A593D0}
	EndGlobalSection
	GlobalSection(ExtensibilityGlobals) = postSolution
		SolutionGuid = {783F329D-1089-4A5D-A505-323E7263C0F9}
	EndGlobalSection
EndGlobal
